// !$*UTF8*$!
{
	archiveVersion = 1;
	classes = {
	};
	objectVersion = 46;
	objects = {

/* Begin PBXBuildFile section */
		5DD8008C17F0A87000C0456D /* Foundation.framework in Frameworks */ = {isa = PBXBuildFile; fileRef = 5DD8008B17F0A87000C0456D /* Foundation.framework */; };
		5DD8009117F0A87000C0456D /* AppurifyKIF2.h in CopyFiles */ = {isa = PBXBuildFile; fileRef = 5DD8009017F0A87000C0456D /* AppurifyKIF2.h */; };
		5DD8009317F0A87000C0456D /* AppurifyKIF2.m in Sources */ = {isa = PBXBuildFile; fileRef = 5DD8009217F0A87000C0456D /* AppurifyKIF2.m */; settings = {COMPILER_FLAGS = "-fno-objc-arc"; }; };
		5DD8009A17F0A9CC00C0456D /* SenTestingKit.framework in Frameworks */ = {isa = PBXBuildFile; fileRef = 5DD8009917F0A9CC00C0456D /* SenTestingKit.framework */; };
/* End PBXBuildFile section */

/* Begin PBXCopyFilesBuildPhase section */
		5DD8008617F0A87000C0456D /* CopyFiles */ = {
			isa = PBXCopyFilesBuildPhase;
			buildActionMask = 2147483647;
			dstPath = "include/${PRODUCT_NAME}";
			dstSubfolderSpec = 16;
			files = (
				5DD8009117F0A87000C0456D /* AppurifyKIF2.h in CopyFiles */,
			);
			runOnlyForDeploymentPostprocessing = 0;
		};
/* End PBXCopyFilesBuildPhase section */

/* Begin PBXFileReference section */
		5DD8008817F0A87000C0456D /* libAppurifyKIF2.a */ = {isa = PBXFileReference; explicitFileType = archive.ar; includeInIndex = 0; path = libAppurifyKIF2.a; sourceTree = BUILT_PRODUCTS_DIR; };
		5DD8008B17F0A87000C0456D /* Foundation.framework */ = {isa = PBXFileReference; lastKnownFileType = wrapper.framework; name = Foundation.framework; path = System/Library/Frameworks/Foundation.framework; sourceTree = SDKROOT; };
		5DD8008F17F0A87000C0456D /* AppurifyKIF2-Prefix.pch */ = {isa = PBXFileReference; lastKnownFileType = sourcecode.c.h; path = "AppurifyKIF2-Prefix.pch"; sourceTree = "<group>"; };
		5DD8009017F0A87000C0456D /* AppurifyKIF2.h */ = {isa = PBXFileReference; lastKnownFileType = sourcecode.c.h; path = AppurifyKIF2.h; sourceTree = "<group>"; };
		5DD8009217F0A87000C0456D /* AppurifyKIF2.m */ = {isa = PBXFileReference; lastKnownFileType = sourcecode.c.objc; path = AppurifyKIF2.m; sourceTree = "<group>"; };
		5DD8009917F0A9CC00C0456D /* SenTestingKit.framework */ = {isa = PBXFileReference; lastKnownFileType = wrapper.framework; name = SenTestingKit.framework; path = Library/Frameworks/SenTestingKit.framework; sourceTree = DEVELOPER_DIR; };
/* End PBXFileReference section */

/* Begin PBXFrameworksBuildPhase section */
		5DD8008517F0A87000C0456D /* Frameworks */ = {
			isa = PBXFrameworksBuildPhase;
			buildActionMask = 2147483647;
			files = (
				5DD8009A17F0A9CC00C0456D /* SenTestingKit.framework in Frameworks */,
				5DD8008C17F0A87000C0456D /* Foundation.framework in Frameworks */,
			);
			runOnlyForDeploymentPostprocessing = 0;
		};
/* End PBXFrameworksBuildPhase section */

/* Begin PBXGroup section */
		5DD8007F17F0A87000C0456D = {
			isa = PBXGroup;
			children = (
				5DD8009917F0A9CC00C0456D /* SenTestingKit.framework */,
				5DD8008D17F0A87000C0456D /* AppurifyKIF2 */,
				5DD8008A17F0A87000C0456D /* Frameworks */,
				5DD8008917F0A87000C0456D /* Products */,
			);
			sourceTree = "<group>";
		};
		5DD8008917F0A87000C0456D /* Products */ = {
			isa = PBXGroup;
			children = (
				5DD8008817F0A87000C0456D /* libAppurifyKIF2.a */,
			);
			name = Products;
			sourceTree = "<group>";
		};
		5DD8008A17F0A87000C0456D /* Frameworks */ = {
			isa = PBXGroup;
			children = (
				5DD8008B17F0A87000C0456D /* Foundation.framework */,
			);
			name = Frameworks;
			sourceTree = "<group>";
		};
		5DD8008D17F0A87000C0456D /* AppurifyKIF2 */ = {
			isa = PBXGroup;
			children = (
				5DD8009017F0A87000C0456D /* AppurifyKIF2.h */,
				5DD8009217F0A87000C0456D /* AppurifyKIF2.m */,
				5DD8008E17F0A87000C0456D /* Supporting Files */,
			);
			path = AppurifyKIF2;
			sourceTree = "<group>";
		};
		5DD8008E17F0A87000C0456D /* Supporting Files */ = {
			isa = PBXGroup;
			children = (
				5DD8008F17F0A87000C0456D /* AppurifyKIF2-Prefix.pch */,
			);
			name = "Supporting Files";
			sourceTree = "<group>";
		};
/* End PBXGroup section */

/* Begin PBXNativeTarget section */
		5DD8008717F0A87000C0456D /* AppurifyKIF2 */ = {
			isa = PBXNativeTarget;
			buildConfigurationList = 5DD8009617F0A87000C0456D /* Build configuration list for PBXNativeTarget "AppurifyKIF2" */;
			buildPhases = (
				5DD8008417F0A87000C0456D /* Sources */,
				5DD8008517F0A87000C0456D /* Frameworks */,
				5DD8008617F0A87000C0456D /* CopyFiles */,
			);
			buildRules = (
			);
			dependencies = (
			);
			name = AppurifyKIF2;
			productName = AppurifyKIF2;
			productReference = 5DD8008817F0A87000C0456D /* libAppurifyKIF2.a */;
			productType = "com.apple.product-type.library.static";
		};
/* End PBXNativeTarget section */

/* Begin PBXProject section */
		5DD8008017F0A87000C0456D /* Project object */ = {
			isa = PBXProject;
			attributes = {
				LastUpgradeCheck = 0460;
				ORGANIZATIONNAME = "Appurify MAC-2";
			};
			buildConfigurationList = 5DD8008317F0A87000C0456D /* Build configuration list for PBXProject "AppurifyKIF2" */;
			compatibilityVersion = "Xcode 3.2";
			developmentRegion = English;
			hasScannedForEncodings = 0;
			knownRegions = (
				en,
			);
			mainGroup = 5DD8007F17F0A87000C0456D;
			productRefGroup = 5DD8008917F0A87000C0456D /* Products */;
			projectDirPath = "";
			projectRoot = "";
			targets = (
				5DD8008717F0A87000C0456D /* AppurifyKIF2 */,
			);
		};
/* End PBXProject section */

/* Begin PBXSourcesBuildPhase section */
		5DD8008417F0A87000C0456D /* Sources */ = {
			isa = PBXSourcesBuildPhase;
			buildActionMask = 2147483647;
			files = (
				5DD8009317F0A87000C0456D /* AppurifyKIF2.m in Sources */,
			);
			runOnlyForDeploymentPostprocessing = 0;
		};
/* End PBXSourcesBuildPhase section */

/* Begin XCBuildConfiguration section */
		5DD8009417F0A87000C0456D /* Debug */ = {
			isa = XCBuildConfiguration;
			buildSettings = {
				ALWAYS_SEARCH_USER_PATHS = NO;
				CLANG_CXX_LANGUAGE_STANDARD = "gnu++0x";
				CLANG_CXX_LIBRARY = "libc++";
				CLANG_WARN_CONSTANT_CONVERSION = YES;
				CLANG_WARN_EMPTY_BODY = YES;
				CLANG_WARN_ENUM_CONVERSION = YES;
				CLANG_WARN_INT_CONVERSION = YES;
				CLANG_WARN__DUPLICATE_METHOD_MATCH = YES;
				COPY_PHASE_STRIP = NO;
				GCC_C_LANGUAGE_STANDARD = gnu99;
				GCC_DYNAMIC_NO_PIC = NO;
				GCC_OPTIMIZATION_LEVEL = 0;
				GCC_PREPROCESSOR_DEFINITIONS = (
					"DEBUG=1",
					"$(inherited)",
				);
				GCC_SYMBOLS_PRIVATE_EXTERN = NO;
				GCC_WARN_ABOUT_RETURN_TYPE = YES;
				GCC_WARN_UNINITIALIZED_AUTOS = YES;
				GCC_WARN_UNUSED_VARIABLE = YES;
				IPHONEOS_DEPLOYMENT_TARGET = 6.1;
				ONLY_ACTIVE_ARCH = NO;
				SDKROOT = iphoneos;
			};
			name = Debug;
		};
		5DD8009517F0A87000C0456D /* Release */ = {
			isa = XCBuildConfiguration;
			buildSettings = {
				ALWAYS_SEARCH_USER_PATHS = NO;
				CLANG_CXX_LANGUAGE_STANDARD = "gnu++0x";
				CLANG_CXX_LIBRARY = "libc++";
				CLANG_WARN_CONSTANT_CONVERSION = YES;
				CLANG_WARN_EMPTY_BODY = YES;
				CLANG_WARN_ENUM_CONVERSION = YES;
				CLANG_WARN_INT_CONVERSION = YES;
				CLANG_WARN__DUPLICATE_METHOD_MATCH = YES;
				COPY_PHASE_STRIP = YES;
				GCC_C_LANGUAGE_STANDARD = gnu99;
				GCC_WARN_ABOUT_RETURN_TYPE = YES;
				GCC_WARN_UNINITIALIZED_AUTOS = YES;
				GCC_WARN_UNUSED_VARIABLE = YES;
				IPHONEOS_DEPLOYMENT_TARGET = 6.1;
				ONLY_ACTIVE_ARCH = NO;
				SDKROOT = iphoneos;
				VALIDATE_PRODUCT = YES;
			};
			name = Release;
		};
		5DD8009717F0A87000C0456D /* Debug */ = {
			isa = XCBuildConfiguration;
			buildSettings = {
				DSTROOT = /tmp/AppurifyKIF2.dst;
				FRAMEWORK_SEARCH_PATHS = (
					"$(inherited)",
					"\"$(SYSTEM_APPS_DIR)/Xcode.app/Contents/Developer/Library/Frameworks\"",
				);
				GCC_PRECOMPILE_PREFIX_HEADER = YES;
				GCC_PREFIX_HEADER = "AppurifyKIF2/AppurifyKIF2-Prefix.pch";
				ONLY_ACTIVE_ARCH = NO;
				OTHER_LDFLAGS = "-ObjC";
				PRODUCT_NAME = "$(TARGET_NAME)";
				SKIP_INSTALL = YES;
			};
			name = Debug;
		};
		5DD8009817F0A87000C0456D /* Release */ = {
			isa = XCBuildConfiguration;
			buildSettings = {
				DSTROOT = /tmp/AppurifyKIF2.dst;
				FRAMEWORK_SEARCH_PATHS = (
					"$(inherited)",
					"\"$(SYSTEM_APPS_DIR)/Xcode.app/Contents/Developer/Library/Frameworks\"",
				);
				GCC_PRECOMPILE_PREFIX_HEADER = YES;
				GCC_PREFIX_HEADER = "AppurifyKIF2/AppurifyKIF2-Prefix.pch";
				ONLY_ACTIVE_ARCH = NO;
				OTHER_LDFLAGS = "-ObjC";
				PRODUCT_NAME = "$(TARGET_NAME)";
				SKIP_INSTALL = YES;
			};
			name = Release;
		};
/* End XCBuildConfiguration section */

/* Begin XCConfigurationList section */
		5DD8008317F0A87000C0456D /* Build configuration list for PBXProject "AppurifyKIF2" */ = {
			isa = XCConfigurationList;
			buildConfigurations = (
				5DD8009417F0A87000C0456D /* Debug */,
				5DD8009517F0A87000C0456D /* Release */,
			);
			defaultConfigurationIsVisible = 0;
			defaultConfigurationName = Release;
		};
		5DD8009617F0A87000C0456D /* Build configuration list for PBXNativeTarget "AppurifyKIF2" */ = {
			isa = XCConfigurationList;
			buildConfigurations = (
				5DD8009717F0A87000C0456D /* Debug */,
				5DD8009817F0A87000C0456D /* Release */,
			);
			defaultConfigurationIsVisible = 0;
		};
/* End XCConfigurationList section */
	};
	rootObject = 5DD8008017F0A87000C0456D /* Project object */;
}
